
Microsoft Visual Studio Solution File, Format Version 12.00
# Visual Studio Version 17
VisualStudioVersion = 17.8.34316.72
MinimumVisualStudioVersion = 10.0.40219.1
Project("{FAE04EC0-301F-11D3-BF4B-00C04F79EFBC}") = "tasks", "tasks\tasks.csproj", "{F7986392-54D1-49C9-8936-90FEF482A10B}"
EndProject
Global
	GlobalSection(SolutionConfigurationPlatforms) = preSolution
		Debug|Any CPU = Debug|Any CPU
		Release|Any CPU = Release|Any CPU
	EndGlobalSection
	GlobalSection(ProjectConfigurationPlatforms) = postSolution
		{F7986392-54D1-49C9-8936-90FEF482A10B}.Debug|Any CPU.ActiveCfg = Debug|Any CPU
		{F7986392-54D1-49C9-8936-90FEF482A10B}.Debug|Any CPU.Build.0 = Debug|Any CPU
		{F7986392-54D1-49C9-8936-90FEF482A10B}.Release|Any CPU.ActiveCfg = Release|Any CPU
		{F7986392-54D1-49C9-8936-90FEF482A10B}.Release|Any CPU.Build.0 = Release|Any CPU
	EndGlobalSection
	GlobalSection(SolutionProperties) = preSolution
		HideSolutionNode = FALSE
	EndGlobalSection
	GlobalSection(ExtensibilityGlobals) = postSolution
		SolutionGuid = {8B2E0314-0BED-4CDA-A522-DB4EF73B1C0C}
	EndGlobalSection
EndGlobal
